
Microsoft Visual Studio Solution File, Format Version 12.00
# Visual Studio 14
VisualStudioVersion = 14.0.22609.0
MinimumVisualStudioVersion = 10.0.40219.1
Project("{FAE04EC0-301F-11D3-BF4B-00C04F79EFBC}") = "Modl", "Modl\Modl.csproj", "{23EFD310-2981-4589-A8AC-BDBA33712479}"
EndProject
Project("{FAE04EC0-301F-11D3-BF4B-00C04F79EFBC}") = "ExampleModel", "ExampleModel\ExampleModel.csproj", "{33323481-00D5-4BF2-AE51-CAA91193695A}"
EndProject
Project("{FAE04EC0-301F-11D3-BF4B-00C04F79EFBC}") = "Tests", "Tests\Tests.csproj", "{760E80C2-5BBD-4691-9522-D7D48C8C886E}"
EndProject
Project("{2150E333-8FDC-42A3-9474-1A3956D46DE8}") = "Solution Items", "Solution Items", "{B451B8FA-1609-4205-A4EB-C130227FF729}"
EndProject
Project("{FAE04EC0-301F-11D3-BF4B-00C04F79EFBC}") = "Modl.Mvc", "Modl.Mvc\Modl.Mvc.csproj", "{9C38B8A9-8D10-4342-8AC0-CED9FC861ED0}"
EndProject
Project("{FAE04EC0-301F-11D3-BF4B-00C04F79EFBC}") = "Modl.Json", "Modl.Json\Modl.Json.csproj", "{1B739F00-E082-4736-9884-B2DE32DD6F34}"
EndProject
Global
	GlobalSection(SolutionConfigurationPlatforms) = preSolution
		Debug|Any CPU = Debug|Any CPU
		Release|Any CPU = Release|Any CPU
	EndGlobalSection
	GlobalSection(ProjectConfigurationPlatforms) = postSolution
		{23EFD310-2981-4589-A8AC-BDBA33712479}.Debug|Any CPU.ActiveCfg = Debug|Any CPU
		{23EFD310-2981-4589-A8AC-BDBA33712479}.Debug|Any CPU.Build.0 = Debug|Any CPU
		{23EFD310-2981-4589-A8AC-BDBA33712479}.Release|Any CPU.ActiveCfg = Release|Any CPU
		{23EFD310-2981-4589-A8AC-BDBA33712479}.Release|Any CPU.Build.0 = Release|Any CPU
		{33323481-00D5-4BF2-AE51-CAA91193695A}.Debug|Any CPU.ActiveCfg = Debug|Any CPU
		{33323481-00D5-4BF2-AE51-CAA91193695A}.Debug|Any CPU.Build.0 = Debug|Any CPU
		{33323481-00D5-4BF2-AE51-CAA91193695A}.Release|Any CPU.ActiveCfg = Release|Any CPU
		{33323481-00D5-4BF2-AE51-CAA91193695A}.Release|Any CPU.Build.0 = Release|Any CPU
		{760E80C2-5BBD-4691-9522-D7D48C8C886E}.Debug|Any CPU.ActiveCfg = Debug|Any CPU
		{760E80C2-5BBD-4691-9522-D7D48C8C886E}.Debug|Any CPU.Build.0 = Debug|Any CPU
		{760E80C2-5BBD-4691-9522-D7D48C8C886E}.Release|Any CPU.ActiveCfg = Release|Any CPU
		{760E80C2-5BBD-4691-9522-D7D48C8C886E}.Release|Any CPU.Build.0 = Release|Any CPU
		{9C38B8A9-8D10-4342-8AC0-CED9FC861ED0}.Debug|Any CPU.ActiveCfg = Debug|Any CPU
		{9C38B8A9-8D10-4342-8AC0-CED9FC861ED0}.Debug|Any CPU.Build.0 = Debug|Any CPU
		{9C38B8A9-8D10-4342-8AC0-CED9FC861ED0}.Release|Any CPU.ActiveCfg = Release|Any CPU
		{9C38B8A9-8D10-4342-8AC0-CED9FC861ED0}.Release|Any CPU.Build.0 = Release|Any CPU
		{1B739F00-E082-4736-9884-B2DE32DD6F34}.Debug|Any CPU.ActiveCfg = Debug|Any CPU
		{1B739F00-E082-4736-9884-B2DE32DD6F34}.Debug|Any CPU.Build.0 = Debug|Any CPU
		{1B739F00-E082-4736-9884-B2DE32DD6F34}.Release|Any CPU.ActiveCfg = Release|Any CPU
		{1B739F00-E082-4736-9884-B2DE32DD6F34}.Release|Any CPU.Build.0 = Release|Any CPU
	EndGlobalSection
	GlobalSection(SolutionProperties) = preSolution
		HideSolutionNode = FALSE
	EndGlobalSection
EndGlobal
